{
  "name": "sails-hook-mail",
  "version": "1.0.0",
  "lockfileVersion": 3,
  "requires": true,
  "packages": {
    "": {
      "name": "sails-hook-mail",
      "version": "1.0.0",
      "license": "MIT",
      "dependencies": {
        "@sailshq/lodash": "^3.10.4"
      }
    },
    "node_modules/@sailshq/lodash": {
      "version": "3.10.4",
      "resolved": "https://registry.npmjs.org/@sailshq/lodash/-/lodash-3.10.4.tgz",
      "integrity": "sha512-YXJqp9gdHcZKAmBY/WnwFpPtNQp2huD/ME2YMurH2YHJvxrVzYsmpKw/pb7yINArRpp8E++fwbQd3ajYXGA45Q=="
    }
  }
}
